
Microsoft Visual Studio Solution File, Format Version 12.00
# Visual Studio Version 17
VisualStudioVersion = 17.0.32014.148
MinimumVisualStudioVersion = 10.0.40219.1
Project("{9A19103F-16F7-4668-BE54-9A1E7A4F7556}") = "LeetCode.Impl", "LeetCode.Impl\LeetCode.Impl.csproj", "{FF73290B-F584-43B2-85CC-49FE577D4904}"
EndProject
Project("{FAE04EC0-301F-11D3-BF4B-00C04F79EFBC}") = "LeetCode.Test", "LeetCode.Test\LeetCode.Test.csproj", "{E0D8D745-35C2-446E-8EED-28BC4B73A1CC}"
EndProject
Global
	GlobalSection(SolutionConfigurationPlatforms) = preSolution
		Debug|Any CPU = Debug|Any CPU
		Release|Any CPU = Release|Any CPU
	EndGlobalSection
	GlobalSection(ProjectConfigurationPlatforms) = postSolution
		{FF73290B-F584-43B2-85CC-49FE577D4904}.Debug|Any CPU.ActiveCfg = Debug|Any CPU
		{FF73290B-F584-43B2-85CC-49FE577D4904}.Debug|Any CPU.Build.0 = Debug|Any CPU
		{FF73290B-F584-43B2-85CC-49FE577D4904}.Release|Any CPU.ActiveCfg = Release|Any CPU
		{FF73290B-F584-43B2-85CC-49FE577D4904}.Release|Any CPU.Build.0 = Release|Any CPU
		{E0D8D745-35C2-446E-8EED-28BC4B73A1CC}.Debug|Any CPU.ActiveCfg = Debug|Any CPU
		{E0D8D745-35C2-446E-8EED-28BC4B73A1CC}.Debug|Any CPU.Build.0 = Debug|Any CPU
		{E0D8D745-35C2-446E-8EED-28BC4B73A1CC}.Release|Any CPU.ActiveCfg = Release|Any CPU
		{E0D8D745-35C2-446E-8EED-28BC4B73A1CC}.Release|Any CPU.Build.0 = Release|Any CPU
	EndGlobalSection
	GlobalSection(SolutionProperties) = preSolution
		HideSolutionNode = FALSE
	EndGlobalSection
	GlobalSection(ExtensibilityGlobals) = postSolution
		SolutionGuid = {E711DA9C-72BE-4DA7-B719-CF9EACD2165E}
	EndGlobalSection
EndGlobal
